
Microsoft Visual Studio Solution File, Format Version 12.00
# Visual Studio 15
VisualStudioVersion = 15.0.27703.2026
MinimumVisualStudioVersion = 10.0.40219.1
Project("{FAE04EC0-301F-11D3-BF4B-00C04F79EFBC}") = "StringCalculator", "StringCalculator\StringCalculator.csproj", "{E5A2BF86-07E2-487D-A9D6-5C061D11C7D5}"
EndProject
Project("{FAE04EC0-301F-11D3-BF4B-00C04F79EFBC}") = "StringCalculator.Tests", "StringCalculator.Tests\StringCalculator.Tests.csproj", "{6724515D-0A6F-44B3-8422-80FC505D36BC}"
EndProject
Global
	GlobalSection(SolutionConfigurationPlatforms) = preSolution
		Debug|Any CPU = Debug|Any CPU
		Release|Any CPU = Release|Any CPU
	EndGlobalSection
	GlobalSection(ProjectConfigurationPlatforms) = postSolution
		{E5A2BF86-07E2-487D-A9D6-5C061D11C7D5}.Debug|Any CPU.ActiveCfg = Debug|Any CPU
		{E5A2BF86-07E2-487D-A9D6-5C061D11C7D5}.Debug|Any CPU.Build.0 = Debug|Any CPU
		{E5A2BF86-07E2-487D-A9D6-5C061D11C7D5}.Release|Any CPU.ActiveCfg = Release|Any CPU
		{E5A2BF86-07E2-487D-A9D6-5C061D11C7D5}.Release|Any CPU.Build.0 = Release|Any CPU
		{6724515D-0A6F-44B3-8422-80FC505D36BC}.Debug|Any CPU.ActiveCfg = Debug|Any CPU
		{6724515D-0A6F-44B3-8422-80FC505D36BC}.Debug|Any CPU.Build.0 = Debug|Any CPU
		{6724515D-0A6F-44B3-8422-80FC505D36BC}.Release|Any CPU.ActiveCfg = Release|Any CPU
		{6724515D-0A6F-44B3-8422-80FC505D36BC}.Release|Any CPU.Build.0 = Release|Any CPU
	EndGlobalSection
	GlobalSection(SolutionProperties) = preSolution
		HideSolutionNode = FALSE
	EndGlobalSection
	GlobalSection(ExtensibilityGlobals) = postSolution
		SolutionGuid = {2E4B3440-E8CC-4A0E-BFE3-30867A7FDA1B}
	EndGlobalSection
EndGlobal
